
Microsoft Visual Studio Solution File, Format Version 12.00
# Visual Studio Version 17
VisualStudioVersion = 17.6.33829.357
MinimumVisualStudioVersion = 10.0.40219.1
Project("{FAE04EC0-301F-11D3-BF4B-00C04F79EFBC}") = "ConstructingACarPartOne", "ConstructingACarPartOne\ConstructingACarPartOne.csproj", "{9B6A57E1-E54F-4F4F-8852-E90B8CC12ECF}"
EndProject
Project("{FAE04EC0-301F-11D3-BF4B-00C04F79EFBC}") = "ConstructingACarPartTwo", "ConstructingACarPartTwo\ConstructingACarPartTwo.csproj", "{6B9D1C44-85E0-4F6E-8DB2-2513D21159FB}"
EndProject
Project("{FAE04EC0-301F-11D3-BF4B-00C04F79EFBC}") = "ConstructingACarPartThree", "ConstructingACarPartThree\ConstructingACarPartThree.csproj", "{A82114F2-C87B-45A2-9B9D-EA2DAC839139}"
EndProject
Global
	GlobalSection(SolutionConfigurationPlatforms) = preSolution
		Debug|Any CPU = Debug|Any CPU
		Release|Any CPU = Release|Any CPU
	EndGlobalSection
	GlobalSection(ProjectConfigurationPlatforms) = postSolution
		{9B6A57E1-E54F-4F4F-8852-E90B8CC12ECF}.Debug|Any CPU.ActiveCfg = Debug|Any CPU
		{9B6A57E1-E54F-4F4F-8852-E90B8CC12ECF}.Debug|Any CPU.Build.0 = Debug|Any CPU
		{9B6A57E1-E54F-4F4F-8852-E90B8CC12ECF}.Release|Any CPU.ActiveCfg = Release|Any CPU
		{9B6A57E1-E54F-4F4F-8852-E90B8CC12ECF}.Release|Any CPU.Build.0 = Release|Any CPU
		{6B9D1C44-85E0-4F6E-8DB2-2513D21159FB}.Debug|Any CPU.ActiveCfg = Debug|Any CPU
		{6B9D1C44-85E0-4F6E-8DB2-2513D21159FB}.Debug|Any CPU.Build.0 = Debug|Any CPU
		{6B9D1C44-85E0-4F6E-8DB2-2513D21159FB}.Release|Any CPU.ActiveCfg = Release|Any CPU
		{6B9D1C44-85E0-4F6E-8DB2-2513D21159FB}.Release|Any CPU.Build.0 = Release|Any CPU
		{A82114F2-C87B-45A2-9B9D-EA2DAC839139}.Debug|Any CPU.ActiveCfg = Debug|Any CPU
		{A82114F2-C87B-45A2-9B9D-EA2DAC839139}.Debug|Any CPU.Build.0 = Debug|Any CPU
		{A82114F2-C87B-45A2-9B9D-EA2DAC839139}.Release|Any CPU.ActiveCfg = Release|Any CPU
		{A82114F2-C87B-45A2-9B9D-EA2DAC839139}.Release|Any CPU.Build.0 = Release|Any CPU
	EndGlobalSection
	GlobalSection(SolutionProperties) = preSolution
		HideSolutionNode = FALSE
	EndGlobalSection
	GlobalSection(ExtensibilityGlobals) = postSolution
		SolutionGuid = {2A3467C3-C6BA-4E56-A80C-600516B05BD2}
	EndGlobalSection
EndGlobal
