
Microsoft Visual Studio Solution File, Format Version 12.00
# Visual Studio Version 17
VisualStudioVersion = 17.6.33829.357
MinimumVisualStudioVersion = 10.0.40219.1
Project("{9A19103F-16F7-4668-BE54-9A1E7A4F7556}") = "ConstructingACarPartOne", "ConstructingACarPartOne\ConstructingACarPartOne.csproj", "{9B6A57E1-E54F-4F4F-8852-E90B8CC12ECF}"
EndProject
Project("{9A19103F-16F7-4668-BE54-9A1E7A4F7556}") = "ConstructingACarPartTwo", "ConstructingACarPartTwo\ConstructingACarPartTwo.csproj", "{6B9D1C44-85E0-4F6E-8DB2-2513D21159FB}"
EndProject
Project("{9A19103F-16F7-4668-BE54-9A1E7A4F7556}") = "ConstructingACarPartThree", "ConstructingACarPartThree\ConstructingACarPartThree.csproj", "{A82114F2-C87B-45A2-9B9D-EA2DAC839139}"
EndProject
Project("{9A19103F-16F7-4668-BE54-9A1E7A4F7556}") = "EventAndDelegate", "EventAndDelegate\EventAndDelegate.csproj", "{171E1343-1FEC-4EF9-AF2F-95EFA715EC00}"
EndProject
Project("{9A19103F-16F7-4668-BE54-9A1E7A4F7556}") = "BuildingSpheres", "BuildingSpheres\BuildingSpheres.csproj", "{96B7C062-7C0D-4E9F-9DC0-0C3E4BFFA982}"
EndProject
Project("{9A19103F-16F7-4668-BE54-9A1E7A4F7556}") = "CondiCipher", "CondiCipher\CondiCipher.csproj", "{A5BBA128-FF56-41E0-92BB-CCB02E1C1F4D}"
EndProject
Project("{9A19103F-16F7-4668-BE54-9A1E7A4F7556}") = "DigitalRoot", "DigitalRoot\DigitalRoot.csproj", "{A976D2BA-5D33-4727-9019-C9B04E266823}"
EndProject
Project("{9A19103F-16F7-4668-BE54-9A1E7A4F7556}") = "ListFiltering", "ListFiltering\ListFiltering.csproj", "{BDEAE4F2-8089-45D2-8D28-EC9E2FE216CB}"
EndProject
Project("{9A19103F-16F7-4668-BE54-9A1E7A4F7556}") = "HistogramHOne", "HistogramHOne\HistogramHOne.csproj", "{F8069711-5C8D-4C01-80A7-7630655F97E1}"
EndProject
Project("{9A19103F-16F7-4668-BE54-9A1E7A4F7556}") = "HistogramHTwo", "HistogramHTwo\HistogramHTwo.csproj", "{646ACA07-FBC6-4008-89CA-1AB5647A06D6}"
EndProject
Project("{9A19103F-16F7-4668-BE54-9A1E7A4F7556}") = "ChainMe", "ChainMe\ChainMe.csproj", "{0FD0FA1D-16EF-4B8D-95F1-C8293223FE9B}"
EndProject
Project("{9A19103F-16F7-4668-BE54-9A1E7A4F7556}") = "BuildTower", "BuildTower\BuildTower.csproj", "{37C1817E-1B5F-44B5-9A78-09AE90A0B90B}"
EndProject
Project("{9A19103F-16F7-4668-BE54-9A1E7A4F7556}") = "SortOneThreeTwo", "SortOneThreeTwo\SortOneThreeTwo.csproj", "{CD1E00CB-C62A-4767-A39A-7EE8EFC66DF8}"
EndProject
Project("{9A19103F-16F7-4668-BE54-9A1E7A4F7556}") = "Noobify", "Noobify\Noobify.csproj", "{A3E1636A-51B5-468A-8C58-A13E7E80E5F7}"
EndProject
Project("{9A19103F-16F7-4668-BE54-9A1E7A4F7556}") = "StringsMix", "StringsMix\StringsMix.csproj", "{9B77EB14-4E50-44AE-B929-72F5CEE6C393}"
EndProject
Project("{9A19103F-16F7-4668-BE54-9A1E7A4F7556}") = "CreatePhoneNumber", "CreatePhoneNumber\CreatePhoneNumber.csproj", "{B20A2F9B-1BA9-4981-A572-2D14D02E31D1}"
EndProject
Project("{9A19103F-16F7-4668-BE54-9A1E7A4F7556}") = "HistogramVOne", "HistogramVOne\HistogramVOne.csproj", "{8C46655A-3F5A-49CF-BE8A-B32800A421D3}"
EndProject
Project("{9A19103F-16F7-4668-BE54-9A1E7A4F7556}") = "HistogramVTwo", "HistogramVTwo\HistogramVTwo.csproj", "{FC9B95A5-6775-4AA7-8D6F-07E39D642209}"
EndProject
Project("{9A19103F-16F7-4668-BE54-9A1E7A4F7556}") = "ProgramCalculatorPartOne", "ProgramCalculatorPartOne\ProgramCalculatorPartOne.csproj", "{609CB746-A4B8-4BDC-B257-4B25F434B926}"
EndProject
Project("{9A19103F-16F7-4668-BE54-9A1E7A4F7556}") = "ProgramCalculatorPartTwo", "ProgramCalculatorPartTwo\ProgramCalculatorPartTwo.csproj", "{545713B0-4F7F-48BF-9F32-9D474103B97C}"
EndProject
Project("{9A19103F-16F7-4668-BE54-9A1E7A4F7556}") = "PaginationHelper", "PaginationHelper\PaginationHelper.csproj", "{75E7D7AC-C989-48A0-9F9F-739BD7360261}"
EndProject
Project("{FAE04EC0-301F-11D3-BF4B-00C04F79EFBC}") = "RankingSystem", "RankingSystem\RankingSystem.csproj", "{017871EA-AAFC-43D1-BBF5-421D40EA378E}"
EndProject
Global
	GlobalSection(SolutionConfigurationPlatforms) = preSolution
		Debug|Any CPU = Debug|Any CPU
		Release|Any CPU = Release|Any CPU
	EndGlobalSection
	GlobalSection(ProjectConfigurationPlatforms) = postSolution
		{9B6A57E1-E54F-4F4F-8852-E90B8CC12ECF}.Debug|Any CPU.ActiveCfg = Debug|Any CPU
		{9B6A57E1-E54F-4F4F-8852-E90B8CC12ECF}.Debug|Any CPU.Build.0 = Debug|Any CPU
		{9B6A57E1-E54F-4F4F-8852-E90B8CC12ECF}.Release|Any CPU.ActiveCfg = Release|Any CPU
		{9B6A57E1-E54F-4F4F-8852-E90B8CC12ECF}.Release|Any CPU.Build.0 = Release|Any CPU
		{6B9D1C44-85E0-4F6E-8DB2-2513D21159FB}.Debug|Any CPU.ActiveCfg = Debug|Any CPU
		{6B9D1C44-85E0-4F6E-8DB2-2513D21159FB}.Debug|Any CPU.Build.0 = Debug|Any CPU
		{6B9D1C44-85E0-4F6E-8DB2-2513D21159FB}.Release|Any CPU.ActiveCfg = Release|Any CPU
		{6B9D1C44-85E0-4F6E-8DB2-2513D21159FB}.Release|Any CPU.Build.0 = Release|Any CPU
		{A82114F2-C87B-45A2-9B9D-EA2DAC839139}.Debug|Any CPU.ActiveCfg = Debug|Any CPU
		{A82114F2-C87B-45A2-9B9D-EA2DAC839139}.Debug|Any CPU.Build.0 = Debug|Any CPU
		{A82114F2-C87B-45A2-9B9D-EA2DAC839139}.Release|Any CPU.ActiveCfg = Release|Any CPU
		{A82114F2-C87B-45A2-9B9D-EA2DAC839139}.Release|Any CPU.Build.0 = Release|Any CPU
		{171E1343-1FEC-4EF9-AF2F-95EFA715EC00}.Debug|Any CPU.ActiveCfg = Debug|Any CPU
		{171E1343-1FEC-4EF9-AF2F-95EFA715EC00}.Debug|Any CPU.Build.0 = Debug|Any CPU
		{171E1343-1FEC-4EF9-AF2F-95EFA715EC00}.Release|Any CPU.ActiveCfg = Release|Any CPU
		{171E1343-1FEC-4EF9-AF2F-95EFA715EC00}.Release|Any CPU.Build.0 = Release|Any CPU
		{96B7C062-7C0D-4E9F-9DC0-0C3E4BFFA982}.Debug|Any CPU.ActiveCfg = Debug|Any CPU
		{96B7C062-7C0D-4E9F-9DC0-0C3E4BFFA982}.Debug|Any CPU.Build.0 = Debug|Any CPU
		{96B7C062-7C0D-4E9F-9DC0-0C3E4BFFA982}.Release|Any CPU.ActiveCfg = Release|Any CPU
		{96B7C062-7C0D-4E9F-9DC0-0C3E4BFFA982}.Release|Any CPU.Build.0 = Release|Any CPU
		{A5BBA128-FF56-41E0-92BB-CCB02E1C1F4D}.Debug|Any CPU.ActiveCfg = Debug|Any CPU
		{A5BBA128-FF56-41E0-92BB-CCB02E1C1F4D}.Debug|Any CPU.Build.0 = Debug|Any CPU
		{A5BBA128-FF56-41E0-92BB-CCB02E1C1F4D}.Release|Any CPU.ActiveCfg = Release|Any CPU
		{A5BBA128-FF56-41E0-92BB-CCB02E1C1F4D}.Release|Any CPU.Build.0 = Release|Any CPU
		{A976D2BA-5D33-4727-9019-C9B04E266823}.Debug|Any CPU.ActiveCfg = Debug|Any CPU
		{A976D2BA-5D33-4727-9019-C9B04E266823}.Debug|Any CPU.Build.0 = Debug|Any CPU
		{A976D2BA-5D33-4727-9019-C9B04E266823}.Release|Any CPU.ActiveCfg = Release|Any CPU
		{A976D2BA-5D33-4727-9019-C9B04E266823}.Release|Any CPU.Build.0 = Release|Any CPU
		{BDEAE4F2-8089-45D2-8D28-EC9E2FE216CB}.Debug|Any CPU.ActiveCfg = Debug|Any CPU
		{BDEAE4F2-8089-45D2-8D28-EC9E2FE216CB}.Debug|Any CPU.Build.0 = Debug|Any CPU
		{BDEAE4F2-8089-45D2-8D28-EC9E2FE216CB}.Release|Any CPU.ActiveCfg = Release|Any CPU
		{BDEAE4F2-8089-45D2-8D28-EC9E2FE216CB}.Release|Any CPU.Build.0 = Release|Any CPU
		{F8069711-5C8D-4C01-80A7-7630655F97E1}.Debug|Any CPU.ActiveCfg = Debug|Any CPU
		{F8069711-5C8D-4C01-80A7-7630655F97E1}.Debug|Any CPU.Build.0 = Debug|Any CPU
		{F8069711-5C8D-4C01-80A7-7630655F97E1}.Release|Any CPU.ActiveCfg = Release|Any CPU
		{F8069711-5C8D-4C01-80A7-7630655F97E1}.Release|Any CPU.Build.0 = Release|Any CPU
		{646ACA07-FBC6-4008-89CA-1AB5647A06D6}.Debug|Any CPU.ActiveCfg = Debug|Any CPU
		{646ACA07-FBC6-4008-89CA-1AB5647A06D6}.Debug|Any CPU.Build.0 = Debug|Any CPU
		{646ACA07-FBC6-4008-89CA-1AB5647A06D6}.Release|Any CPU.ActiveCfg = Release|Any CPU
		{646ACA07-FBC6-4008-89CA-1AB5647A06D6}.Release|Any CPU.Build.0 = Release|Any CPU
		{0FD0FA1D-16EF-4B8D-95F1-C8293223FE9B}.Debug|Any CPU.ActiveCfg = Debug|Any CPU
		{0FD0FA1D-16EF-4B8D-95F1-C8293223FE9B}.Debug|Any CPU.Build.0 = Debug|Any CPU
		{0FD0FA1D-16EF-4B8D-95F1-C8293223FE9B}.Release|Any CPU.ActiveCfg = Release|Any CPU
		{0FD0FA1D-16EF-4B8D-95F1-C8293223FE9B}.Release|Any CPU.Build.0 = Release|Any CPU
		{37C1817E-1B5F-44B5-9A78-09AE90A0B90B}.Debug|Any CPU.ActiveCfg = Debug|Any CPU
		{37C1817E-1B5F-44B5-9A78-09AE90A0B90B}.Debug|Any CPU.Build.0 = Debug|Any CPU
		{37C1817E-1B5F-44B5-9A78-09AE90A0B90B}.Release|Any CPU.ActiveCfg = Release|Any CPU
		{37C1817E-1B5F-44B5-9A78-09AE90A0B90B}.Release|Any CPU.Build.0 = Release|Any CPU
		{CD1E00CB-C62A-4767-A39A-7EE8EFC66DF8}.Debug|Any CPU.ActiveCfg = Debug|Any CPU
		{CD1E00CB-C62A-4767-A39A-7EE8EFC66DF8}.Debug|Any CPU.Build.0 = Debug|Any CPU
		{CD1E00CB-C62A-4767-A39A-7EE8EFC66DF8}.Release|Any CPU.ActiveCfg = Release|Any CPU
		{CD1E00CB-C62A-4767-A39A-7EE8EFC66DF8}.Release|Any CPU.Build.0 = Release|Any CPU
		{A3E1636A-51B5-468A-8C58-A13E7E80E5F7}.Debug|Any CPU.ActiveCfg = Debug|Any CPU
		{A3E1636A-51B5-468A-8C58-A13E7E80E5F7}.Debug|Any CPU.Build.0 = Debug|Any CPU
		{A3E1636A-51B5-468A-8C58-A13E7E80E5F7}.Release|Any CPU.ActiveCfg = Release|Any CPU
		{A3E1636A-51B5-468A-8C58-A13E7E80E5F7}.Release|Any CPU.Build.0 = Release|Any CPU
		{9B77EB14-4E50-44AE-B929-72F5CEE6C393}.Debug|Any CPU.ActiveCfg = Debug|Any CPU
		{9B77EB14-4E50-44AE-B929-72F5CEE6C393}.Debug|Any CPU.Build.0 = Debug|Any CPU
		{9B77EB14-4E50-44AE-B929-72F5CEE6C393}.Release|Any CPU.ActiveCfg = Release|Any CPU
		{9B77EB14-4E50-44AE-B929-72F5CEE6C393}.Release|Any CPU.Build.0 = Release|Any CPU
		{B20A2F9B-1BA9-4981-A572-2D14D02E31D1}.Debug|Any CPU.ActiveCfg = Debug|Any CPU
		{B20A2F9B-1BA9-4981-A572-2D14D02E31D1}.Debug|Any CPU.Build.0 = Debug|Any CPU
		{B20A2F9B-1BA9-4981-A572-2D14D02E31D1}.Release|Any CPU.ActiveCfg = Release|Any CPU
		{B20A2F9B-1BA9-4981-A572-2D14D02E31D1}.Release|Any CPU.Build.0 = Release|Any CPU
		{8C46655A-3F5A-49CF-BE8A-B32800A421D3}.Debug|Any CPU.ActiveCfg = Debug|Any CPU
		{8C46655A-3F5A-49CF-BE8A-B32800A421D3}.Debug|Any CPU.Build.0 = Debug|Any CPU
		{8C46655A-3F5A-49CF-BE8A-B32800A421D3}.Release|Any CPU.ActiveCfg = Release|Any CPU
		{8C46655A-3F5A-49CF-BE8A-B32800A421D3}.Release|Any CPU.Build.0 = Release|Any CPU
		{FC9B95A5-6775-4AA7-8D6F-07E39D642209}.Debug|Any CPU.ActiveCfg = Debug|Any CPU
		{FC9B95A5-6775-4AA7-8D6F-07E39D642209}.Debug|Any CPU.Build.0 = Debug|Any CPU
		{FC9B95A5-6775-4AA7-8D6F-07E39D642209}.Release|Any CPU.ActiveCfg = Release|Any CPU
		{FC9B95A5-6775-4AA7-8D6F-07E39D642209}.Release|Any CPU.Build.0 = Release|Any CPU
		{609CB746-A4B8-4BDC-B257-4B25F434B926}.Debug|Any CPU.ActiveCfg = Debug|Any CPU
		{609CB746-A4B8-4BDC-B257-4B25F434B926}.Debug|Any CPU.Build.0 = Debug|Any CPU
		{609CB746-A4B8-4BDC-B257-4B25F434B926}.Release|Any CPU.ActiveCfg = Release|Any CPU
		{609CB746-A4B8-4BDC-B257-4B25F434B926}.Release|Any CPU.Build.0 = Release|Any CPU
		{545713B0-4F7F-48BF-9F32-9D474103B97C}.Debug|Any CPU.ActiveCfg = Debug|Any CPU
		{545713B0-4F7F-48BF-9F32-9D474103B97C}.Debug|Any CPU.Build.0 = Debug|Any CPU
		{545713B0-4F7F-48BF-9F32-9D474103B97C}.Release|Any CPU.ActiveCfg = Release|Any CPU
		{545713B0-4F7F-48BF-9F32-9D474103B97C}.Release|Any CPU.Build.0 = Release|Any CPU
		{75E7D7AC-C989-48A0-9F9F-739BD7360261}.Debug|Any CPU.ActiveCfg = Debug|Any CPU
		{75E7D7AC-C989-48A0-9F9F-739BD7360261}.Debug|Any CPU.Build.0 = Debug|Any CPU
		{75E7D7AC-C989-48A0-9F9F-739BD7360261}.Release|Any CPU.ActiveCfg = Release|Any CPU
		{75E7D7AC-C989-48A0-9F9F-739BD7360261}.Release|Any CPU.Build.0 = Release|Any CPU
		{017871EA-AAFC-43D1-BBF5-421D40EA378E}.Debug|Any CPU.ActiveCfg = Debug|Any CPU
		{017871EA-AAFC-43D1-BBF5-421D40EA378E}.Debug|Any CPU.Build.0 = Debug|Any CPU
		{017871EA-AAFC-43D1-BBF5-421D40EA378E}.Release|Any CPU.ActiveCfg = Release|Any CPU
		{017871EA-AAFC-43D1-BBF5-421D40EA378E}.Release|Any CPU.Build.0 = Release|Any CPU
	EndGlobalSection
	GlobalSection(SolutionProperties) = preSolution
		HideSolutionNode = FALSE
	EndGlobalSection
	GlobalSection(ExtensibilityGlobals) = postSolution
		SolutionGuid = {2A3467C3-C6BA-4E56-A80C-600516B05BD2}
	EndGlobalSection
EndGlobal
